
Microsoft Visual Studio Solution File, Format Version 12.00
# Visual Studio 2013
VisualStudioVersion = 12.0.21005.1
MinimumVisualStudioVersion = 10.0.40219.1
Project("{FAE04EC0-301F-11D3-BF4B-00C04F79EFBC}") = "SPACEAPPS_FOR_THE_WIN", "SPACEAPPS_FOR_THE_WIN\SPACEAPPS_FOR_THE_WIN.csproj", "{B9DAEB83-5758-4636-9BB6-A605BDD6E36B}"
EndProject
Project("{FAE04EC0-301F-11D3-BF4B-00C04F79EFBC}") = "TelegramBot", "TelegramBot\TelegramBot.csproj", "{18945C8A-5E21-46EA-BB7F-ED87506359FD}"
EndProject
Global
	GlobalSection(SolutionConfigurationPlatforms) = preSolution
		Debug|Any CPU = Debug|Any CPU
		Release|Any CPU = Release|Any CPU
	EndGlobalSection
	GlobalSection(ProjectConfigurationPlatforms) = postSolution
		{B9DAEB83-5758-4636-9BB6-A605BDD6E36B}.Debug|Any CPU.ActiveCfg = Debug|Any CPU
		{B9DAEB83-5758-4636-9BB6-A605BDD6E36B}.Debug|Any CPU.Build.0 = Debug|Any CPU
		{B9DAEB83-5758-4636-9BB6-A605BDD6E36B}.Release|Any CPU.ActiveCfg = Release|Any CPU
		{B9DAEB83-5758-4636-9BB6-A605BDD6E36B}.Release|Any CPU.Build.0 = Release|Any CPU
		{18945C8A-5E21-46EA-BB7F-ED87506359FD}.Debug|Any CPU.ActiveCfg = Debug|Any CPU
		{18945C8A-5E21-46EA-BB7F-ED87506359FD}.Debug|Any CPU.Build.0 = Debug|Any CPU
		{18945C8A-5E21-46EA-BB7F-ED87506359FD}.Release|Any CPU.ActiveCfg = Release|Any CPU
		{18945C8A-5E21-46EA-BB7F-ED87506359FD}.Release|Any CPU.Build.0 = Release|Any CPU
	EndGlobalSection
	GlobalSection(SolutionProperties) = preSolution
		HideSolutionNode = FALSE
	EndGlobalSection
EndGlobal
